
Microsoft Visual Studio Solution File, Format Version 12.00
# Visual Studio Version 17
VisualStudioVersion = 17.4.33205.214
MinimumVisualStudioVersion = 10.0.40219.1
Project("{FAE04EC0-301F-11D3-BF4B-00C04F79EFBC}") = "Notes.Android", "Notes\Notes.Android\Notes.Android.csproj", "{09D35346-4619-41B3-B3B2-3A883E3A4D49}"
EndProject
Project("{9A19103F-16F7-4668-BE54-9A1E7A4F7556}") = "Notes", "Notes\Notes\Notes.csproj", "{00E101AF-7C89-4E6A-87D8-41ACF97F18DD}"
EndProject
Global
	GlobalSection(SolutionConfigurationPlatforms) = preSolution
		Debug|Any CPU = Debug|Any CPU
		Debug|ARM = Debug|ARM
		Debug|ARM64 = Debug|ARM64
		Debug|iPhone = Debug|iPhone
		Debug|iPhoneSimulator = Debug|iPhoneSimulator
		Debug|x64 = Debug|x64
		Debug|x86 = Debug|x86
		Gsjson|Any CPU = Gsjson|Any CPU
		Gsjson|ARM = Gsjson|ARM
		Gsjson|ARM64 = Gsjson|ARM64
		Gsjson|iPhone = Gsjson|iPhone
		Gsjson|iPhoneSimulator = Gsjson|iPhoneSimulator
		Gsjson|x64 = Gsjson|x64
		Gsjson|x86 = Gsjson|x86
		Release|Any CPU = Release|Any CPU
		Release|ARM = Release|ARM
		Release|ARM64 = Release|ARM64
		Release|iPhone = Release|iPhone
		Release|iPhoneSimulator = Release|iPhoneSimulator
		Release|x64 = Release|x64
		Release|x86 = Release|x86
	EndGlobalSection
	GlobalSection(ProjectConfigurationPlatforms) = postSolution
		{09D35346-4619-41B3-B3B2-3A883E3A4D49}.Debug|Any CPU.ActiveCfg = Debug|Any CPU
		{09D35346-4619-41B3-B3B2-3A883E3A4D49}.Debug|Any CPU.Build.0 = Debug|Any CPU
		{09D35346-4619-41B3-B3B2-3A883E3A4D49}.Debug|Any CPU.Deploy.0 = Debug|Any CPU
		{09D35346-4619-41B3-B3B2-3A883E3A4D49}.Debug|ARM.ActiveCfg = Debug|Any CPU
		{09D35346-4619-41B3-B3B2-3A883E3A4D49}.Debug|ARM.Build.0 = Debug|Any CPU
		{09D35346-4619-41B3-B3B2-3A883E3A4D49}.Debug|ARM.Deploy.0 = Debug|Any CPU
		{09D35346-4619-41B3-B3B2-3A883E3A4D49}.Debug|ARM64.ActiveCfg = Debug|Any CPU
		{09D35346-4619-41B3-B3B2-3A883E3A4D49}.Debug|ARM64.Build.0 = Debug|Any CPU
		{09D35346-4619-41B3-B3B2-3A883E3A4D49}.Debug|ARM64.Deploy.0 = Debug|Any CPU
		{09D35346-4619-41B3-B3B2-3A883E3A4D49}.Debug|iPhone.ActiveCfg = Debug|Any CPU
		{09D35346-4619-41B3-B3B2-3A883E3A4D49}.Debug|iPhone.Build.0 = Debug|Any CPU
		{09D35346-4619-41B3-B3B2-3A883E3A4D49}.Debug|iPhone.Deploy.0 = Debug|Any CPU
		{09D35346-4619-41B3-B3B2-3A883E3A4D49}.Debug|iPhoneSimulator.ActiveCfg = Debug|Any CPU
		{09D35346-4619-41B3-B3B2-3A883E3A4D49}.Debug|iPhoneSimulator.Build.0 = Debug|Any CPU
		{09D35346-4619-41B3-B3B2-3A883E3A4D49}.Debug|iPhoneSimulator.Deploy.0 = Debug|Any CPU
		{09D35346-4619-41B3-B3B2-3A883E3A4D49}.Debug|x64.ActiveCfg = Debug|Any CPU
		{09D35346-4619-41B3-B3B2-3A883E3A4D49}.Debug|x64.Build.0 = Debug|Any CPU
		{09D35346-4619-41B3-B3B2-3A883E3A4D49}.Debug|x64.Deploy.0 = Debug|Any CPU
		{09D35346-4619-41B3-B3B2-3A883E3A4D49}.Debug|x86.ActiveCfg = Debug|Any CPU
		{09D35346-4619-41B3-B3B2-3A883E3A4D49}.Debug|x86.Build.0 = Debug|Any CPU
		{09D35346-4619-41B3-B3B2-3A883E3A4D49}.Debug|x86.Deploy.0 = Debug|Any CPU
		{09D35346-4619-41B3-B3B2-3A883E3A4D49}.Gsjson|Any CPU.ActiveCfg = Debug|Any CPU
		{09D35346-4619-41B3-B3B2-3A883E3A4D49}.Gsjson|Any CPU.Build.0 = Debug|Any CPU
		{09D35346-4619-41B3-B3B2-3A883E3A4D49}.Gsjson|Any CPU.Deploy.0 = Debug|Any CPU
		{09D35346-4619-41B3-B3B2-3A883E3A4D49}.Gsjson|ARM.ActiveCfg = Gsjson|Any CPU
		{09D35346-4619-41B3-B3B2-3A883E3A4D49}.Gsjson|ARM.Build.0 = Gsjson|Any CPU
		{09D35346-4619-41B3-B3B2-3A883E3A4D49}.Gsjson|ARM.Deploy.0 = Gsjson|Any CPU
		{09D35346-4619-41B3-B3B2-3A883E3A4D49}.Gsjson|ARM64.ActiveCfg = Gsjson|Any CPU
		{09D35346-4619-41B3-B3B2-3A883E3A4D49}.Gsjson|ARM64.Build.0 = Gsjson|Any CPU
		{09D35346-4619-41B3-B3B2-3A883E3A4D49}.Gsjson|ARM64.Deploy.0 = Gsjson|Any CPU
		{09D35346-4619-41B3-B3B2-3A883E3A4D49}.Gsjson|iPhone.ActiveCfg = Gsjson|Any CPU
		{09D35346-4619-41B3-B3B2-3A883E3A4D49}.Gsjson|iPhone.Build.0 = Gsjson|Any CPU
		{09D35346-4619-41B3-B3B2-3A883E3A4D49}.Gsjson|iPhone.Deploy.0 = Gsjson|Any CPU
		{09D35346-4619-41B3-B3B2-3A883E3A4D49}.Gsjson|iPhoneSimulator.ActiveCfg = Gsjson|Any CPU
		{09D35346-4619-41B3-B3B2-3A883E3A4D49}.Gsjson|iPhoneSimulator.Build.0 = Gsjson|Any CPU
		{09D35346-4619-41B3-B3B2-3A883E3A4D49}.Gsjson|iPhoneSimulator.Deploy.0 = Gsjson|Any CPU
		{09D35346-4619-41B3-B3B2-3A883E3A4D49}.Gsjson|x64.ActiveCfg = Gsjson|Any CPU
		{09D35346-4619-41B3-B3B2-3A883E3A4D49}.Gsjson|x64.Build.0 = Gsjson|Any CPU
		{09D35346-4619-41B3-B3B2-3A883E3A4D49}.Gsjson|x64.Deploy.0 = Gsjson|Any CPU
		{09D35346-4619-41B3-B3B2-3A883E3A4D49}.Gsjson|x86.ActiveCfg = Gsjson|Any CPU
		{09D35346-4619-41B3-B3B2-3A883E3A4D49}.Gsjson|x86.Build.0 = Gsjson|Any CPU
		{09D35346-4619-41B3-B3B2-3A883E3A4D49}.Gsjson|x86.Deploy.0 = Gsjson|Any CPU
		{09D35346-4619-41B3-B3B2-3A883E3A4D49}.Release|Any CPU.ActiveCfg = Release|Any CPU
		{09D35346-4619-41B3-B3B2-3A883E3A4D49}.Release|Any CPU.Build.0 = Release|Any CPU
		{09D35346-4619-41B3-B3B2-3A883E3A4D49}.Release|Any CPU.Deploy.0 = Release|Any CPU
		{09D35346-4619-41B3-B3B2-3A883E3A4D49}.Release|ARM.ActiveCfg = Release|Any CPU
		{09D35346-4619-41B3-B3B2-3A883E3A4D49}.Release|ARM.Build.0 = Release|Any CPU
		{09D35346-4619-41B3-B3B2-3A883E3A4D49}.Release|ARM.Deploy.0 = Release|Any CPU
		{09D35346-4619-41B3-B3B2-3A883E3A4D49}.Release|ARM64.ActiveCfg = Release|Any CPU
		{09D35346-4619-41B3-B3B2-3A883E3A4D49}.Release|ARM64.Build.0 = Release|Any CPU
		{09D35346-4619-41B3-B3B2-3A883E3A4D49}.Release|ARM64.Deploy.0 = Release|Any CPU
		{09D35346-4619-41B3-B3B2-3A883E3A4D49}.Release|iPhone.ActiveCfg = Release|Any CPU
		{09D35346-4619-41B3-B3B2-3A883E3A4D49}.Release|iPhone.Build.0 = Release|Any CPU
		{09D35346-4619-41B3-B3B2-3A883E3A4D49}.Release|iPhone.Deploy.0 = Release|Any CPU
		{09D35346-4619-41B3-B3B2-3A883E3A4D49}.Release|iPhoneSimulator.ActiveCfg = Release|Any CPU
		{09D35346-4619-41B3-B3B2-3A883E3A4D49}.Release|iPhoneSimulator.Build.0 = Release|Any CPU
		{09D35346-4619-41B3-B3B2-3A883E3A4D49}.Release|iPhoneSimulator.Deploy.0 = Release|Any CPU
		{09D35346-4619-41B3-B3B2-3A883E3A4D49}.Release|x64.ActiveCfg = Release|Any CPU
		{09D35346-4619-41B3-B3B2-3A883E3A4D49}.Release|x64.Build.0 = Release|Any CPU
		{09D35346-4619-41B3-B3B2-3A883E3A4D49}.Release|x64.Deploy.0 = Release|Any CPU
		{09D35346-4619-41B3-B3B2-3A883E3A4D49}.Release|x86.ActiveCfg = Release|Any CPU
		{09D35346-4619-41B3-B3B2-3A883E3A4D49}.Release|x86.Build.0 = Release|Any CPU
		{09D35346-4619-41B3-B3B2-3A883E3A4D49}.Release|x86.Deploy.0 = Release|Any CPU
		{00E101AF-7C89-4E6A-87D8-41ACF97F18DD}.Debug|Any CPU.ActiveCfg = Debug|Any CPU
		{00E101AF-7C89-4E6A-87D8-41ACF97F18DD}.Debug|Any CPU.Build.0 = Debug|Any CPU
		{00E101AF-7C89-4E6A-87D8-41ACF97F18DD}.Debug|Any CPU.Deploy.0 = Debug|Any CPU
		{00E101AF-7C89-4E6A-87D8-41ACF97F18DD}.Debug|ARM.ActiveCfg = Debug|Any CPU
		{00E101AF-7C89-4E6A-87D8-41ACF97F18DD}.Debug|ARM.Build.0 = Debug|Any CPU
		{00E101AF-7C89-4E6A-87D8-41ACF97F18DD}.Debug|ARM64.ActiveCfg = Debug|Any CPU
		{00E101AF-7C89-4E6A-87D8-41ACF97F18DD}.Debug|ARM64.Build.0 = Debug|Any CPU
		{00E101AF-7C89-4E6A-87D8-41ACF97F18DD}.Debug|iPhone.ActiveCfg = Debug|Any CPU
		{00E101AF-7C89-4E6A-87D8-41ACF97F18DD}.Debug|iPhone.Build.0 = Debug|Any CPU
		{00E101AF-7C89-4E6A-87D8-41ACF97F18DD}.Debug|iPhone.Deploy.0 = Debug|Any CPU
		{00E101AF-7C89-4E6A-87D8-41ACF97F18DD}.Debug|iPhoneSimulator.ActiveCfg = Debug|Any CPU
		{00E101AF-7C89-4E6A-87D8-41ACF97F18DD}.Debug|iPhoneSimulator.Build.0 = Debug|Any CPU
		{00E101AF-7C89-4E6A-87D8-41ACF97F18DD}.Debug|iPhoneSimulator.Deploy.0 = Debug|Any CPU
		{00E101AF-7C89-4E6A-87D8-41ACF97F18DD}.Debug|x64.ActiveCfg = Debug|Any CPU
		{00E101AF-7C89-4E6A-87D8-41ACF97F18DD}.Debug|x64.Build.0 = Debug|Any CPU
		{00E101AF-7C89-4E6A-87D8-41ACF97F18DD}.Debug|x86.ActiveCfg = Debug|Any CPU
		{00E101AF-7C89-4E6A-87D8-41ACF97F18DD}.Debug|x86.Build.0 = Debug|Any CPU
		{00E101AF-7C89-4E6A-87D8-41ACF97F18DD}.Gsjson|Any CPU.ActiveCfg = Debug|Any CPU
		{00E101AF-7C89-4E6A-87D8-41ACF97F18DD}.Gsjson|Any CPU.Build.0 = Debug|Any CPU
		{00E101AF-7C89-4E6A-87D8-41ACF97F18DD}.Gsjson|ARM.ActiveCfg = Gsjson|Any CPU
		{00E101AF-7C89-4E6A-87D8-41ACF97F18DD}.Gsjson|ARM.Build.0 = Gsjson|Any CPU
		{00E101AF-7C89-4E6A-87D8-41ACF97F18DD}.Gsjson|ARM64.ActiveCfg = Gsjson|Any CPU
		{00E101AF-7C89-4E6A-87D8-41ACF97F18DD}.Gsjson|ARM64.Build.0 = Gsjson|Any CPU
		{00E101AF-7C89-4E6A-87D8-41ACF97F18DD}.Gsjson|iPhone.ActiveCfg = Gsjson|Any CPU
		{00E101AF-7C89-4E6A-87D8-41ACF97F18DD}.Gsjson|iPhone.Build.0 = Gsjson|Any CPU
		{00E101AF-7C89-4E6A-87D8-41ACF97F18DD}.Gsjson|iPhoneSimulator.ActiveCfg = Gsjson|Any CPU
		{00E101AF-7C89-4E6A-87D8-41ACF97F18DD}.Gsjson|iPhoneSimulator.Build.0 = Gsjson|Any CPU
		{00E101AF-7C89-4E6A-87D8-41ACF97F18DD}.Gsjson|x64.ActiveCfg = Gsjson|Any CPU
		{00E101AF-7C89-4E6A-87D8-41ACF97F18DD}.Gsjson|x64.Build.0 = Gsjson|Any CPU
		{00E101AF-7C89-4E6A-87D8-41ACF97F18DD}.Gsjson|x86.ActiveCfg = Gsjson|Any CPU
		{00E101AF-7C89-4E6A-87D8-41ACF97F18DD}.Gsjson|x86.Build.0 = Gsjson|Any CPU
		{00E101AF-7C89-4E6A-87D8-41ACF97F18DD}.Release|Any CPU.ActiveCfg = Release|Any CPU
		{00E101AF-7C89-4E6A-87D8-41ACF97F18DD}.Release|Any CPU.Build.0 = Release|Any CPU
		{00E101AF-7C89-4E6A-87D8-41ACF97F18DD}.Release|Any CPU.Deploy.0 = Release|Any CPU
		{00E101AF-7C89-4E6A-87D8-41ACF97F18DD}.Release|ARM.ActiveCfg = Release|Any CPU
		{00E101AF-7C89-4E6A-87D8-41ACF97F18DD}.Release|ARM.Build.0 = Release|Any CPU
		{00E101AF-7C89-4E6A-87D8-41ACF97F18DD}.Release|ARM64.ActiveCfg = Release|Any CPU
		{00E101AF-7C89-4E6A-87D8-41ACF97F18DD}.Release|ARM64.Build.0 = Release|Any CPU
		{00E101AF-7C89-4E6A-87D8-41ACF97F18DD}.Release|iPhone.ActiveCfg = Release|Any CPU
		{00E101AF-7C89-4E6A-87D8-41ACF97F18DD}.Release|iPhone.Build.0 = Release|Any CPU
		{00E101AF-7C89-4E6A-87D8-41ACF97F18DD}.Release|iPhone.Deploy.0 = Release|Any CPU
		{00E101AF-7C89-4E6A-87D8-41ACF97F18DD}.Release|iPhoneSimulator.ActiveCfg = Release|Any CPU
		{00E101AF-7C89-4E6A-87D8-41ACF97F18DD}.Release|iPhoneSimulator.Build.0 = Release|Any CPU
		{00E101AF-7C89-4E6A-87D8-41ACF97F18DD}.Release|iPhoneSimulator.Deploy.0 = Release|Any CPU
		{00E101AF-7C89-4E6A-87D8-41ACF97F18DD}.Release|x64.ActiveCfg = Release|Any CPU
		{00E101AF-7C89-4E6A-87D8-41ACF97F18DD}.Release|x64.Build.0 = Release|Any CPU
		{00E101AF-7C89-4E6A-87D8-41ACF97F18DD}.Release|x86.ActiveCfg = Release|Any CPU
		{00E101AF-7C89-4E6A-87D8-41ACF97F18DD}.Release|x86.Build.0 = Release|Any CPU
	EndGlobalSection
	GlobalSection(SolutionProperties) = preSolution
		HideSolutionNode = FALSE
	EndGlobalSection
	GlobalSection(ExtensibilityGlobals) = postSolution
		SolutionGuid = {BF1209E9-AA48-4ED6-8561-756E73000DF3}
	EndGlobalSection
EndGlobal
